
Microsoft Visual Studio Solution File, Format Version 12.00
# Visual Studio 2015
Project("{FAE04EC0-301F-11D3-BF4B-00C04F79EFBC}") = "music select.CSharp.Plugins", "music select.CSharp.Plugins.csproj", "{EB154AA7-8E97-1127-9683-E4F6CB89CEE4}"
EndProject
Project("{FAE04EC0-301F-11D3-BF4B-00C04F79EFBC}") = "music select.CSharp", "music select.CSharp.csproj", "{71ECB2AE-F2CC-4880-C2C7-B4DFCF07FFF1}"
EndProject
Global
	GlobalSection(SolutionConfigurationPlatforms) = preSolution
		Debug|Any CPU = Debug|Any CPU
		Release|Any CPU = Release|Any CPU
	EndGlobalSection
	GlobalSection(ProjectConfigurationPlatforms) = postSolution
		{EB154AA7-8E97-1127-9683-E4F6CB89CEE4}.Debug|Any CPU.ActiveCfg = Debug|Any CPU
		{EB154AA7-8E97-1127-9683-E4F6CB89CEE4}.Debug|Any CPU.Build.0 = Debug|Any CPU
		{EB154AA7-8E97-1127-9683-E4F6CB89CEE4}.Release|Any CPU.ActiveCfg = Release|Any CPU
		{EB154AA7-8E97-1127-9683-E4F6CB89CEE4}.Release|Any CPU.Build.0 = Release|Any CPU
		{71ECB2AE-F2CC-4880-C2C7-B4DFCF07FFF1}.Debug|Any CPU.ActiveCfg = Debug|Any CPU
		{71ECB2AE-F2CC-4880-C2C7-B4DFCF07FFF1}.Debug|Any CPU.Build.0 = Debug|Any CPU
		{71ECB2AE-F2CC-4880-C2C7-B4DFCF07FFF1}.Release|Any CPU.ActiveCfg = Release|Any CPU
		{71ECB2AE-F2CC-4880-C2C7-B4DFCF07FFF1}.Release|Any CPU.Build.0 = Release|Any CPU
	EndGlobalSection
	GlobalSection(SolutionProperties) = preSolution
		HideSolutionNode = FALSE
	EndGlobalSection
EndGlobal
